PODS:
  - Alamofire (5.0.0-rc.3)
  - p2.OAuth2 (5.0.0)

DEPENDENCIES:
  - Alamofire (~> 5.0.0-rc.3)
  - p2.OAuth2 (~> 5.0)

SPEC REPOS:
  trunk:
    - Alamofire
    - p2.OAuth2

SPEC CHECKSUMS:
  Alamofire: ca8c0de6906873be89d6deec5c8de279e00bf872
  p2.OAuth2: 5d203b46c2857b4bbcca3e521089959e7b3b5a5c

PODFILE CHECKSUM: 06c4bc40aa047b54b618ef83894334cc4ec34adb

COCOAPODS: 1.8.4
