PODS:
  - Alamofire (5.0.0-rc.3)
  - p2.OAuth2 (4.2.0)

DEPENDENCIES:
  - Alamofire (~> 5.0.0-rc.3)
  - p2.OAuth2 (~> 4.2)

SPEC REPOS:
  trunk:
    - Alamofire
    - p2.OAuth2

SPEC CHECKSUMS:
  Alamofire: ca8c0de6906873be89d6deec5c8de279e00bf872
  p2.OAuth2: d5ea9b928fc5d10d088d419db6f3380578b6f866

PODFILE CHECKSUM: 95351d5ca98953984a88ebf4ef399da76bedb17a

COCOAPODS: 1.8.4
