// !$*UTF8*$!
{
	archiveVersion = 1;
	classes = {
	};
	objectVersion = 51;
	objects = {

/* Begin PBXBuildFile section */
		C345FB3623A79E7E00F62B8C /* GoogleAPI.swift in Sources */ = {isa = PBXBuildFile; fileRef = C345FB3523A79E7E00F62B8C /* GoogleAPI.swift */; };
		C39F5D6D23A7BA3900DE82C0 /* Models.swift in Sources */ = {isa = PBXBuildFile; fileRef = C39F5D6C23A7BA3900DE82C0 /* Models.swift */; };
		C39F5D6E23A7C97B00DE82C0 /* Pods_Taskgoo.framework in Frameworks */ = {isa = PBXBuildFile; fileRef = 2268D28B706241B4741755D5 /* Pods_Taskgoo.framework */; };
		C39F5D6F23A7C97B00DE82C0 /* Pods_Taskgoo.framework in Embed Frameworks */ = {isa = PBXBuildFile; fileRef = 2268D28B706241B4741755D5 /* Pods_Taskgoo.framework */; settings = {ATTRIBUTES = (CodeSignOnCopy, RemoveHeadersOnCopy, ); }; };
		C3CE937423661DB20021C42E /* AppDelegate.swift in Sources */ = {isa = PBXBuildFile; fileRef = C3CE937323661DB20021C42E /* AppDelegate.swift */; };
		C3CE937623661DB20021C42E /* MainViewController.swift in Sources */ = {isa = PBXBuildFile; fileRef = C3CE937523661DB20021C42E /* MainViewController.swift */; };
		C3CE937923661DB20021C42E /* Taskgoo.xcdatamodeld in Sources */ = {isa = PBXBuildFile; fileRef = C3CE937723661DB20021C42E /* Taskgoo.xcdatamodeld */; };
		C3CE937B23661DB70021C42E /* Assets.xcassets in Resources */ = {isa = PBXBuildFile; fileRef = C3CE937A23661DB70021C42E /* Assets.xcassets */; };
		C3CE937E23661DB70021C42E /* Main.storyboard in Resources */ = {isa = PBXBuildFile; fileRef = C3CE937C23661DB70021C42E /* Main.storyboard */; };
/* End PBXBuildFile section */

/* Begin PBXCopyFilesBuildPhase section */
		C39F5D7023A7C97B00DE82C0 /* Embed Frameworks */ = {
			isa = PBXCopyFilesBuildPhase;
			buildActionMask = 2147483647;
			dstPath = "";
			dstSubfolderSpec = 10;
			files = (
				C39F5D6F23A7C97B00DE82C0 /* Pods_Taskgoo.framework in Embed Frameworks */,
			);
			name = "Embed Frameworks";
			runOnlyForDeploymentPostprocessing = 0;
		};
/* End PBXCopyFilesBuildPhase section */

/* Begin PBXFileReference section */
		2268D28B706241B4741755D5 /* Pods_Taskgoo.framework */ = {isa = PBXFileReference; explicitFileType = wrapper.framework; includeInIndex = 0; path = Pods_Taskgoo.framework; sourceTree = BUILT_PRODUCTS_DIR; };
		6D1537EC1C9869AE8880A8B7 /* Pods-Taskgoo.release.xcconfig */ = {isa = PBXFileReference; includeInIndex = 1; lastKnownFileType = text.xcconfig; name = "Pods-Taskgoo.release.xcconfig"; path = "Target Support Files/Pods-Taskgoo/Pods-Taskgoo.release.xcconfig"; sourceTree = "<group>"; };
		BCAE09BE933AC6D71D631BE9 /* Pods-Taskgoo.debug.xcconfig */ = {isa = PBXFileReference; includeInIndex = 1; lastKnownFileType = text.xcconfig; name = "Pods-Taskgoo.debug.xcconfig"; path = "Target Support Files/Pods-Taskgoo/Pods-Taskgoo.debug.xcconfig"; sourceTree = "<group>"; };
		C345FB3523A79E7E00F62B8C /* GoogleAPI.swift */ = {isa = PBXFileReference; lastKnownFileType = sourcecode.swift; path = GoogleAPI.swift; sourceTree = "<group>"; };
		C345FB3723A79EBF00F62B8C /* Alamofire.framework */ = {isa = PBXFileReference; explicitFileType = wrapper.framework; path = Alamofire.framework; sourceTree = BUILT_PRODUCTS_DIR; };
		C345FB3823A79EBF00F62B8C /* p2_OAuth2.framework */ = {isa = PBXFileReference; explicitFileType = wrapper.framework; path = p2_OAuth2.framework; sourceTree = BUILT_PRODUCTS_DIR; };
		C39F5D6C23A7BA3900DE82C0 /* Models.swift */ = {isa = PBXFileReference; lastKnownFileType = sourcecode.swift; path = Models.swift; sourceTree = "<group>"; };
		C3CE937023661DB20021C42E /* Taskgoo.app */ = {isa = PBXFileReference; explicitFileType = wrapper.application; includeInIndex = 0; path = Taskgoo.app; sourceTree = BUILT_PRODUCTS_DIR; };
		C3CE937323661DB20021C42E /* AppDelegate.swift */ = {isa = PBXFileReference; lastKnownFileType = sourcecode.swift; path = AppDelegate.swift; sourceTree = "<group>"; };
		C3CE937523661DB20021C42E /* MainViewController.swift */ = {isa = PBXFileReference; lastKnownFileType = sourcecode.swift; path = MainViewController.swift; sourceTree = "<group>"; };
		C3CE937823661DB20021C42E /* Taskgoo.xcdatamodel */ = {isa = PBXFileReference; lastKnownFileType = wrapper.xcdatamodel; path = Taskgoo.xcdatamodel; sourceTree = "<group>"; };
		C3CE937A23661DB70021C42E /* Assets.xcassets */ = {isa = PBXFileReference; lastKnownFileType = folder.assetcatalog; path = Assets.xcassets; sourceTree = "<group>"; };
		C3CE937D23661DB70021C42E /* Base */ = {isa = PBXFileReference; lastKnownFileType = file.storyboard; name = Base; path = Base.lproj/Main.storyboard; sourceTree = "<group>"; };
		C3CE937F23661DB70021C42E /* Info.plist */ = {isa = PBXFileReference; lastKnownFileType = text.plist.xml; path = Info.plist; sourceTree = "<group>"; };
		C3CE938023661DB70021C42E /* Taskgoo.entitlements */ = {isa = PBXFileReference; lastKnownFileType = text.plist.entitlements; path = Taskgoo.entitlements; sourceTree = "<group>"; };
/* End PBXFileReference section */

/* Begin PBXFrameworksBuildPhase section */
		C3CE936D23661DB20021C42E /* Frameworks */ = {
			isa = PBXFrameworksBuildPhase;
			buildActionMask = 2147483647;
			files = (
				C39F5D6E23A7C97B00DE82C0 /* Pods_Taskgoo.framework in Frameworks */,
			);
			runOnlyForDeploymentPostprocessing = 0;
		};
/* End PBXFrameworksBuildPhase section */

/* Begin PBXGroup section */
		5B87AD5E9EEAD3A554C66CA7 /* Pods */ = {
			isa = PBXGroup;
			children = (
				BCAE09BE933AC6D71D631BE9 /* Pods-Taskgoo.debug.xcconfig */,
				6D1537EC1C9869AE8880A8B7 /* Pods-Taskgoo.release.xcconfig */,
			);
			path = Pods;
			sourceTree = "<group>";
		};
		BF2C4BF40FD96BBB444F9D00 /* Frameworks */ = {
			isa = PBXGroup;
			children = (
				C345FB3723A79EBF00F62B8C /* Alamofire.framework */,
				C345FB3823A79EBF00F62B8C /* p2_OAuth2.framework */,
				2268D28B706241B4741755D5 /* Pods_Taskgoo.framework */,
			);
			name = Frameworks;
			sourceTree = "<group>";
		};
		C3CE936723661DB20021C42E = {
			isa = PBXGroup;
			children = (
				C3CE937223661DB20021C42E /* Taskgoo */,
				C3CE937123661DB20021C42E /* Products */,
				5B87AD5E9EEAD3A554C66CA7 /* Pods */,
				BF2C4BF40FD96BBB444F9D00 /* Frameworks */,
			);
			sourceTree = "<group>";
		};
		C3CE937123661DB20021C42E /* Products */ = {
			isa = PBXGroup;
			children = (
				C3CE937023661DB20021C42E /* Taskgoo.app */,
			);
			name = Products;
			sourceTree = "<group>";
		};
		C3CE937223661DB20021C42E /* Taskgoo */ = {
			isa = PBXGroup;
			children = (
				C3CE937323661DB20021C42E /* AppDelegate.swift */,
				C3CE937523661DB20021C42E /* MainViewController.swift */,
				C345FB3523A79E7E00F62B8C /* GoogleAPI.swift */,
				C3CE937A23661DB70021C42E /* Assets.xcassets */,
				C3CE937C23661DB70021C42E /* Main.storyboard */,
				C3CE937F23661DB70021C42E /* Info.plist */,
				C3CE938023661DB70021C42E /* Taskgoo.entitlements */,
				C3CE937723661DB20021C42E /* Taskgoo.xcdatamodeld */,
				C39F5D6C23A7BA3900DE82C0 /* Models.swift */,
			);
			path = Taskgoo;
			sourceTree = "<group>";
		};
/* End PBXGroup section */

/* Begin PBXNativeTarget section */
		C3CE936F23661DB20021C42E /* Taskgoo */ = {
			isa = PBXNativeTarget;
			buildConfigurationList = C3CE938323661DB70021C42E /* Build configuration list for PBXNativeTarget "Taskgoo" */;
			buildPhases = (
				C168E6107F7116236D08D4BB /* [CP] Check Pods Manifest.lock */,
				C3CE936C23661DB20021C42E /* Sources */,
				C3CE936D23661DB20021C42E /* Frameworks */,
				C3CE936E23661DB20021C42E /* Resources */,
				6164C29DC5E1BAE79A1B7ACA /* [CP] Embed Pods Frameworks */,
				C39F5D7023A7C97B00DE82C0 /* Embed Frameworks */,
			);
			buildRules = (
			);
			dependencies = (
			);
			name = Taskgoo;
			productName = Taskgoo;
			productReference = C3CE937023661DB20021C42E /* Taskgoo.app */;
			productType = "com.apple.product-type.application";
		};
/* End PBXNativeTarget section */

/* Begin PBXProject section */
		C3CE936823661DB20021C42E /* Project object */ = {
			isa = PBXProject;
			attributes = {
				LastSwiftUpdateCheck = 1110;
				LastUpgradeCheck = 1110;
				ORGANIZATIONNAME = "Tomáš Martykan";
				TargetAttributes = {
					C3CE936F23661DB20021C42E = {
						CreatedOnToolsVersion = 11.1;
					};
				};
			};
			buildConfigurationList = C3CE936B23661DB20021C42E /* Build configuration list for PBXProject "Taskgoo" */;
			compatibilityVersion = "Xcode 9.3";
			developmentRegion = en;
			hasScannedForEncodings = 0;
			knownRegions = (
				en,
				Base,
			);
			mainGroup = C3CE936723661DB20021C42E;
			productRefGroup = C3CE937123661DB20021C42E /* Products */;
			projectDirPath = "";
			projectRoot = "";
			targets = (
				C3CE936F23661DB20021C42E /* Taskgoo */,
			);
		};
/* End PBXProject section */

/* Begin PBXResourcesBuildPhase section */
		C3CE936E23661DB20021C42E /* Resources */ = {
			isa = PBXResourcesBuildPhase;
			buildActionMask = 2147483647;
			files = (
				C3CE937B23661DB70021C42E /* Assets.xcassets in Resources */,
				C3CE937E23661DB70021C42E /* Main.storyboard in Resources */,
			);
			runOnlyForDeploymentPostprocessing = 0;
		};
/* End PBXResourcesBuildPhase section */

/* Begin PBXShellScriptBuildPhase section */
		6164C29DC5E1BAE79A1B7ACA /* [CP] Embed Pods Frameworks */ = {
			isa = PBXShellScriptBuildPhase;
			buildActionMask = 2147483647;
			files = (
			);
			inputFileListPaths = (
				"${PODS_ROOT}/Target Support Files/Pods-Taskgoo/Pods-Taskgoo-frameworks-${CONFIGURATION}-input-files.xcfilelist",
			);
			name = "[CP] Embed Pods Frameworks";
			outputFileListPaths = (
				"${PODS_ROOT}/Target Support Files/Pods-Taskgoo/Pods-Taskgoo-frameworks-${CONFIGURATION}-output-files.xcfilelist",
			);
			runOnlyForDeploymentPostprocessing = 0;
			shellPath = /bin/sh;
			shellScript = "\"${PODS_ROOT}/Target Support Files/Pods-Taskgoo/Pods-Taskgoo-frameworks.sh\"\n";
			showEnvVarsInLog = 0;
		};
		C168E6107F7116236D08D4BB /* [CP] Check Pods Manifest.lock */ = {
			isa = PBXShellScriptBuildPhase;
			buildActionMask = 2147483647;
			files = (
			);
			inputFileListPaths = (
			);
			inputPaths = (
				"${PODS_PODFILE_DIR_PATH}/Podfile.lock",
				"${PODS_ROOT}/Manifest.lock",
			);
			name = "[CP] Check Pods Manifest.lock";
			outputFileListPaths = (
			);
			outputPaths = (
				"$(DERIVED_FILE_DIR)/Pods-Taskgoo-checkManifestLockResult.txt",
			);
			runOnlyForDeploymentPostprocessing = 0;
			shellPath = /bin/sh;
			shellScript = "diff \"${PODS_PODFILE_DIR_PATH}/Podfile.lock\" \"${PODS_ROOT}/Manifest.lock\" > /dev/null\nif [ $? != 0 ] ; then\n    # print error to STDERR\n    echo \"error: The sandbox is not in sync with the Podfile.lock. Run 'pod install' or update your CocoaPods installation.\" >&2\n    exit 1\nfi\n# This output is used by Xcode 'outputs' to avoid re-running this script phase.\necho \"SUCCESS\" > \"${SCRIPT_OUTPUT_FILE_0}\"\n";
			showEnvVarsInLog = 0;
		};
/* End PBXShellScriptBuildPhase section */

/* Begin PBXSourcesBuildPhase section */
		C3CE936C23661DB20021C42E /* Sources */ = {
			isa = PBXSourcesBuildPhase;
			buildActionMask = 2147483647;
			files = (
				C3CE937623661DB20021C42E /* MainViewController.swift in Sources */,
				C3CE937423661DB20021C42E /* AppDelegate.swift in Sources */,
				C3CE937923661DB20021C42E /* Taskgoo.xcdatamodeld in Sources */,
				C345FB3623A79E7E00F62B8C /* GoogleAPI.swift in Sources */,
				C39F5D6D23A7BA3900DE82C0 /* Models.swift in Sources */,
			);
			runOnlyForDeploymentPostprocessing = 0;
		};
/* End PBXSourcesBuildPhase section */

/* Begin PBXVariantGroup section */
		C3CE937C23661DB70021C42E /* Main.storyboard */ = {
			isa = PBXVariantGroup;
			children = (
				C3CE937D23661DB70021C42E /* Base */,
			);
			name = Main.storyboard;
			sourceTree = "<group>";
		};
/* End PBXVariantGroup section */

/* Begin XCBuildConfiguration section */
		C3CE938123661DB70021C42E /* Debug */ = {
			isa = XCBuildConfiguration;
			buildSettings = {
				ALWAYS_SEARCH_USER_PATHS = NO;
				CLANG_ANALYZER_NONNULL = YES;
				CLANG_ANALYZER_NUMBER_OBJECT_CONVERSION = YES_AGGRESSIVE;
				CLANG_CXX_LANGUAGE_STANDARD = "gnu++14";
				CLANG_CXX_LIBRARY = "libc++";
				CLANG_ENABLE_MODULES = YES;
				CLANG_ENABLE_OBJC_ARC = YES;
				CLANG_ENABLE_OBJC_WEAK = YES;
				CLANG_WARN_BLOCK_CAPTURE_AUTORELEASING = YES;
				CLANG_WARN_BOOL_CONVERSION = YES;
				CLANG_WARN_COMMA = YES;
				CLANG_WARN_CONSTANT_CONVERSION = YES;
				CLANG_WARN_DEPRECATED_OBJC_IMPLEMENTATIONS = YES;
				CLANG_WARN_DIRECT_OBJC_ISA_USAGE = YES_ERROR;
				CLANG_WARN_DOCUMENTATION_COMMENTS = YES;
				CLANG_WARN_EMPTY_BODY = YES;
				CLANG_WARN_ENUM_CONVERSION = YES;
				CLANG_WARN_INFINITE_RECURSION = YES;
				CLANG_WARN_INT_CONVERSION = YES;
				CLANG_WARN_NON_LITERAL_NULL_CONVERSION = YES;
				CLANG_WARN_OBJC_IMPLICIT_RETAIN_SELF = YES;
				CLANG_WARN_OBJC_LITERAL_CONVERSION = YES;
				CLANG_WARN_OBJC_ROOT_CLASS = YES_ERROR;
				CLANG_WARN_RANGE_LOOP_ANALYSIS = YES;
				CLANG_WARN_STRICT_PROTOTYPES = YES;
				CLANG_WARN_SUSPICIOUS_MOVE = YES;
				CLANG_WARN_UNGUARDED_AVAILABILITY = YES_AGGRESSIVE;
				CLANG_WARN_UNREACHABLE_CODE = YES;
				CLANG_WARN__DUPLICATE_METHOD_MATCH = YES;
				COPY_PHASE_STRIP = NO;
				DEBUG_INFORMATION_FORMAT = dwarf;
				ENABLE_STRICT_OBJC_MSGSEND = YES;
				ENABLE_TESTABILITY = YES;
				GCC_C_LANGUAGE_STANDARD = gnu11;
				GCC_DYNAMIC_NO_PIC = NO;
				GCC_NO_COMMON_BLOCKS = YES;
				GCC_OPTIMIZATION_LEVEL = 0;
				GCC_PREPROCESSOR_DEFINITIONS = (
					"DEBUG=1",
					"$(inherited)",
				);
				GCC_WARN_64_TO_32_BIT_CONVERSION = YES;
				GCC_WARN_ABOUT_RETURN_TYPE = YES_ERROR;
				GCC_WARN_UNDECLARED_SELECTOR = YES;
				GCC_WARN_UNINITIALIZED_AUTOS = YES_AGGRESSIVE;
				GCC_WARN_UNUSED_FUNCTION = YES;
				GCC_WARN_UNUSED_VARIABLE = YES;
				MACOSX_DEPLOYMENT_TARGET = 10.15;
				MTL_ENABLE_DEBUG_INFO = INCLUDE_SOURCE;
				MTL_FAST_MATH = YES;
				ONLY_ACTIVE_ARCH = YES;
				SDKROOT = macosx;
				SWIFT_ACTIVE_COMPILATION_CONDITIONS = DEBUG;
				SWIFT_OPTIMIZATION_LEVEL = "-Onone";
			};
			name = Debug;
		};
		C3CE938223661DB70021C42E /* Release */ = {
			isa = XCBuildConfiguration;
			buildSettings = {
				ALWAYS_SEARCH_USER_PATHS = NO;
				CLANG_ANALYZER_NONNULL = YES;
				CLANG_ANALYZER_NUMBER_OBJECT_CONVERSION = YES_AGGRESSIVE;
				CLANG_CXX_LANGUAGE_STANDARD = "gnu++14";
				CLANG_CXX_LIBRARY = "libc++";
				CLANG_ENABLE_MODULES = YES;
				CLANG_ENABLE_OBJC_ARC = YES;
				CLANG_ENABLE_OBJC_WEAK = YES;
				CLANG_WARN_BLOCK_CAPTURE_AUTORELEASING = YES;
				CLANG_WARN_BOOL_CONVERSION = YES;
				CLANG_WARN_COMMA = YES;
				CLANG_WARN_CONSTANT_CONVERSION = YES;
				CLANG_WARN_DEPRECATED_OBJC_IMPLEMENTATIONS = YES;
				CLANG_WARN_DIRECT_OBJC_ISA_USAGE = YES_ERROR;
				CLANG_WARN_DOCUMENTATION_COMMENTS = YES;
				CLANG_WARN_EMPTY_BODY = YES;
				CLANG_WARN_ENUM_CONVERSION = YES;
				CLANG_WARN_INFINITE_RECURSION = YES;
				CLANG_WARN_INT_CONVERSION = YES;
				CLANG_WARN_NON_LITERAL_NULL_CONVERSION = YES;
				CLANG_WARN_OBJC_IMPLICIT_RETAIN_SELF = YES;
				CLANG_WARN_OBJC_LITERAL_CONVERSION = YES;
				CLANG_WARN_OBJC_ROOT_CLASS = YES_ERROR;
				CLANG_WARN_RANGE_LOOP_ANALYSIS = YES;
				CLANG_WARN_STRICT_PROTOTYPES = YES;
				CLANG_WARN_SUSPICIOUS_MOVE = YES;
				CLANG_WARN_UNGUARDED_AVAILABILITY = YES_AGGRESSIVE;
				CLANG_WARN_UNREACHABLE_CODE = YES;
				CLANG_WARN__DUPLICATE_METHOD_MATCH = YES;
				COPY_PHASE_STRIP = NO;
				DEBUG_INFORMATION_FORMAT = "dwarf-with-dsym";
				ENABLE_NS_ASSERTIONS = NO;
				ENABLE_STRICT_OBJC_MSGSEND = YES;
				GCC_C_LANGUAGE_STANDARD = gnu11;
				GCC_NO_COMMON_BLOCKS = YES;
				GCC_WARN_64_TO_32_BIT_CONVERSION = YES;
				GCC_WARN_ABOUT_RETURN_TYPE = YES_ERROR;
				GCC_WARN_UNDECLARED_SELECTOR = YES;
				GCC_WARN_UNINITIALIZED_AUTOS = YES_AGGRESSIVE;
				GCC_WARN_UNUSED_FUNCTION = YES;
				GCC_WARN_UNUSED_VARIABLE = YES;
				MACOSX_DEPLOYMENT_TARGET = 10.15;
				MTL_ENABLE_DEBUG_INFO = NO;
				MTL_FAST_MATH = YES;
				SDKROOT = macosx;
				SWIFT_COMPILATION_MODE = wholemodule;
				SWIFT_OPTIMIZATION_LEVEL = "-O";
			};
			name = Release;
		};
		C3CE938423661DB70021C42E /* Debug */ = {
			isa = XCBuildConfiguration;
			baseConfigurationReference = BCAE09BE933AC6D71D631BE9 /* Pods-Taskgoo.debug.xcconfig */;
			buildSettings = {
				ASSETCATALOG_COMPILER_APPICON_NAME = AppIcon;
				CODE_SIGN_ENTITLEMENTS = Taskgoo/Taskgoo.entitlements;
				CODE_SIGN_IDENTITY = "Apple Development";
				CODE_SIGN_STYLE = Automatic;
				COMBINE_HIDPI_IMAGES = YES;
				DEVELOPMENT_TEAM = T6KQ3WM584;
				ENABLE_HARDENED_RUNTIME = NO;
				INFOPLIST_FILE = Taskgoo/Info.plist;
				LD_RUNPATH_SEARCH_PATHS = (
					"$(inherited)",
					"@executable_path/../Frameworks",
				);
				PRODUCT_BUNDLE_IDENTIFIER = cz.martykan.Taskgoo;
				PRODUCT_NAME = "$(TARGET_NAME)";
				SWIFT_VERSION = 5.0;
			};
			name = Debug;
		};
		C3CE938523661DB70021C42E /* Release */ = {
			isa = XCBuildConfiguration;
			baseConfigurationReference = 6D1537EC1C9869AE8880A8B7 /* Pods-Taskgoo.release.xcconfig */;
			buildSettings = {
				ASSETCATALOG_COMPILER_APPICON_NAME = AppIcon;
				CODE_SIGN_ENTITLEMENTS = Taskgoo/Taskgoo.entitlements;
				CODE_SIGN_IDENTITY = "Apple Development";
				CODE_SIGN_STYLE = Automatic;
				COMBINE_HIDPI_IMAGES = YES;
				DEVELOPMENT_TEAM = T6KQ3WM584;
				ENABLE_HARDENED_RUNTIME = NO;
				INFOPLIST_FILE = Taskgoo/Info.plist;
				LD_RUNPATH_SEARCH_PATHS = (
					"$(inherited)",
					"@executable_path/../Frameworks",
				);
				PRODUCT_BUNDLE_IDENTIFIER = cz.martykan.Taskgoo;
				PRODUCT_NAME = "$(TARGET_NAME)";
				SWIFT_VERSION = 5.0;
			};
			name = Release;
		};
/* End XCBuildConfiguration section */

/* Begin XCConfigurationList section */
		C3CE936B23661DB20021C42E /* Build configuration list for PBXProject "Taskgoo" */ = {
			isa = XCConfigurationList;
			buildConfigurations = (
				C3CE938123661DB70021C42E /* Debug */,
				C3CE938223661DB70021C42E /* Release */,
			);
			defaultConfigurationIsVisible = 0;
			defaultConfigurationName = Release;
		};
		C3CE938323661DB70021C42E /* Build configuration list for PBXNativeTarget "Taskgoo" */ = {
			isa = XCConfigurationList;
			buildConfigurations = (
				C3CE938423661DB70021C42E /* Debug */,
				C3CE938523661DB70021C42E /* Release */,
			);
			defaultConfigurationIsVisible = 0;
			defaultConfigurationName = Release;
		};
/* End XCConfigurationList section */

/* Begin XCVersionGroup section */
		C3CE937723661DB20021C42E /* Taskgoo.xcdatamodeld */ = {
			isa = XCVersionGroup;
			children = (
				C3CE937823661DB20021C42E /* Taskgoo.xcdatamodel */,
			);
			currentVersion = C3CE937823661DB20021C42E /* Taskgoo.xcdatamodel */;
			path = Taskgoo.xcdatamodeld;
			sourceTree = "<group>";
			versionGroupType = wrapper.xcdatamodel;
		};
/* End XCVersionGroup section */
	};
	rootObject = C3CE936823661DB20021C42E /* Project object */;
}
